
Microsoft Visual Studio Solution File, Format Version 12.00
Project("{FAE04EC0-301F-11D3-BF4B-00C04F79EFBC}") = "api", "api\api.csproj", "{2D3DAAD0-16D0-4D04-8391-58BE4F55985A}"
EndProject
Global
	GlobalSection(SolutionConfigurationPlatforms) = preSolution
		Debug|Any CPU = Debug|Any CPU
		Release|Any CPU = Release|Any CPU
	EndGlobalSection
	GlobalSection(ProjectConfigurationPlatforms) = postSolution
		{2D3DAAD0-16D0-4D04-8391-58BE4F55985A}.Debug|Any CPU.ActiveCfg = Debug|Any CPU
		{2D3DAAD0-16D0-4D04-8391-58BE4F55985A}.Debug|Any CPU.Build.0 = Debug|Any CPU
		{2D3DAAD0-16D0-4D04-8391-58BE4F55985A}.Release|Any CPU.ActiveCfg = Release|Any CPU
		{2D3DAAD0-16D0-4D04-8391-58BE4F55985A}.Release|Any CPU.Build.0 = Release|Any CPU
	EndGlobalSection
EndGlobal
